{
  "originHash" : "cb8c4ebcf1ad8a7817bd4b9d863a8a88681477ef4ad3ce41fc7e635bc25b72d5",
  "pins" : [
    {
      "identity" : "factory",
      "kind" : "remoteSourceControl",
      "location" : "https://github.com/hmlongco/Factory",
      "state" : {
        "revision" : "ccc898f21992ebc130bc04cc197460a5ae230bcf",
        "version" : "2.5.3"
      }
    },
    {
      "identity" : "kingfisher",
      "kind" : "remoteSourceControl",
      "location" : "https://github.com/onevcat/Kingfisher",
      "state" : {
        "revision" : "010a06c4387cea2d13606222b6c08e0454e6dd2d",
        "version" : "8.3.3"
      }
    }
  ],
  "version" : 3
}
